
Microsoft Visual Studio Solution File, Format Version 12.00
# Visual Studio Version 16
VisualStudioVersion = 16.0.30225.117
MinimumVisualStudioVersion = 10.0.40219.1
Project("{FAE04EC0-301F-11D3-BF4B-00C04F79EFBC}") = "ContinueWatchingFeature", "ContinueWatchingFeature.csproj", "{0F0AA3B3-E918-472C-8EA0-1BCB7C08D102}"
EndProject
Global
	GlobalSection(SolutionConfigurationPlatforms) = preSolution
		Debug|Any CPU = Debug|Any CPU
		Release|Any CPU = Release|Any CPU
	EndGlobalSection
	GlobalSection(ProjectConfigurationPlatforms) = postSolution
		{0F0AA3B3-E918-472C-8EA0-1BCB7C08D102}.Debug|Any CPU.ActiveCfg = Debug|Any CPU
		{0F0AA3B3-E918-472C-8EA0-1BCB7C08D102}.Debug|Any CPU.Build.0 = Debug|Any CPU
		{0F0AA3B3-E918-472C-8EA0-1BCB7C08D102}.Release|Any CPU.ActiveCfg = Release|Any CPU
		{0F0AA3B3-E918-472C-8EA0-1BCB7C08D102}.Release|Any CPU.Build.0 = Release|Any CPU
	EndGlobalSection
	GlobalSection(SolutionProperties) = preSolution
		HideSolutionNode = FALSE
	EndGlobalSection
	GlobalSection(ExtensibilityGlobals) = postSolution
		SolutionGuid = {42022966-3262-41EE-93C4-6718E36639B7}
	EndGlobalSection
EndGlobal
